
Microsoft Visual Studio Solution File, Format Version 12.00
# Visual Studio Version 17
VisualStudioVersion = 17.9.34723.18
MinimumVisualStudioVersion = 10.0.40219.1
Project("{FAE04EC0-301F-11D3-BF4B-00C04F79EFBC}") = "IPFilter", "IPFilter\IPFilter.csproj", "{8403A4EE-AE68-47DC-89B6-18659236465D}"
EndProject
Global
	GlobalSection(SolutionConfigurationPlatforms) = preSolution
		Debug|Any CPU = Debug|Any CPU
		Release|Any CPU = Release|Any CPU
	EndGlobalSection
	GlobalSection(ProjectConfigurationPlatforms) = postSolution
		{8403A4EE-AE68-47DC-89B6-18659236465D}.Debug|Any CPU.ActiveCfg = Debug|Any CPU
		{8403A4EE-AE68-47DC-89B6-18659236465D}.Debug|Any CPU.Build.0 = Debug|Any CPU
		{8403A4EE-AE68-47DC-89B6-18659236465D}.Release|Any CPU.ActiveCfg = Release|Any CPU
		{8403A4EE-AE68-47DC-89B6-18659236465D}.Release|Any CPU.Build.0 = Release|Any CPU
	EndGlobalSection
	GlobalSection(SolutionProperties) = preSolution
		HideSolutionNode = FALSE
	EndGlobalSection
	GlobalSection(ExtensibilityGlobals) = postSolution
		SolutionGuid = {6A1FBBED-82B8-4DCE-ADE3-463E7D6D9761}
	EndGlobalSection
EndGlobal
